
Microsoft Visual Studio Solution File, Format Version 12.00
# Visual Studio 15
VisualStudioVersion = 15.0.28010.2003
MinimumVisualStudioVersion = 10.0.40219.1
Project("{FAE04EC0-301F-11D3-BF4B-00C04F79EFBC}") = "ManuWorks_1.Android", "ManuWorks_1\ManuWorks_1.Android\ManuWorks_1.Android.csproj", "{2E8EEE6B-11C5-490C-816B-B59814DD2EC4}"
EndProject
Project("{FAE04EC0-301F-11D3-BF4B-00C04F79EFBC}") = "ManuWorks_1.iOS", "ManuWorks_1\ManuWorks_1.iOS\ManuWorks_1.iOS.csproj", "{3F5C3895-C984-4E52-90C7-27889A4375DC}"
EndProject
Project("{FAE04EC0-301F-11D3-BF4B-00C04F79EFBC}") = "ManuWorks_1", "ManuWorks_1\ManuWorks_1\ManuWorks_1.csproj", "{3017618A-AF68-4899-A3E7-C596B4BAC760}"
EndProject
Global
	GlobalSection(SolutionConfigurationPlatforms) = preSolution
		Ad-Hoc|Any CPU = Ad-Hoc|Any CPU
		Ad-Hoc|iPhone = Ad-Hoc|iPhone
		Ad-Hoc|iPhoneSimulator = Ad-Hoc|iPhoneSimulator
		AppStore|Any CPU = AppStore|Any CPU
		AppStore|iPhone = AppStore|iPhone
		AppStore|iPhoneSimulator = AppStore|iPhoneSimulator
		Debug|Any CPU = Debug|Any CPU
		Debug|iPhone = Debug|iPhone
		Debug|iPhoneSimulator = Debug|iPhoneSimulator
		Release|Any CPU = Release|Any CPU
		Release|iPhone = Release|iPhone
		Release|iPhoneSimulator = Release|iPhoneSimulator
	EndGlobalSection
	GlobalSection(ProjectConfigurationPlatforms) = postSolution
		{2E8EEE6B-11C5-490C-816B-B59814DD2EC4}.Ad-Hoc|Any CPU.ActiveCfg = Release|Any CPU
		{2E8EEE6B-11C5-490C-816B-B59814DD2EC4}.Ad-Hoc|Any CPU.Build.0 = Release|Any CPU
		{2E8EEE6B-11C5-490C-816B-B59814DD2EC4}.Ad-Hoc|Any CPU.Deploy.0 = Release|Any CPU
		{2E8EEE6B-11C5-490C-816B-B59814DD2EC4}.Ad-Hoc|iPhone.ActiveCfg = Release|Any CPU
		{2E8EEE6B-11C5-490C-816B-B59814DD2EC4}.Ad-Hoc|iPhone.Build.0 = Release|Any CPU
		{2E8EEE6B-11C5-490C-816B-B59814DD2EC4}.Ad-Hoc|iPhone.Deploy.0 = Release|Any CPU
		{2E8EEE6B-11C5-490C-816B-B59814DD2EC4}.Ad-Hoc|iPhoneSimulator.ActiveCfg = Release|Any CPU
		{2E8EEE6B-11C5-490C-816B-B59814DD2EC4}.Ad-Hoc|iPhoneSimulator.Build.0 = Release|Any CPU
		{2E8EEE6B-11C5-490C-816B-B59814DD2EC4}.Ad-Hoc|iPhoneSimulator.Deploy.0 = Release|Any CPU
		{2E8EEE6B-11C5-490C-816B-B59814DD2EC4}.AppStore|Any CPU.ActiveCfg = Release|Any CPU
		{2E8EEE6B-11C5-490C-816B-B59814DD2EC4}.AppStore|Any CPU.Build.0 = Release|Any CPU
		{2E8EEE6B-11C5-490C-816B-B59814DD2EC4}.AppStore|Any CPU.Deploy.0 = Release|Any CPU
		{2E8EEE6B-11C5-490C-816B-B59814DD2EC4}.AppStore|iPhone.ActiveCfg = Release|Any CPU
		{2E8EEE6B-11C5-490C-816B-B59814DD2EC4}.AppStore|iPhone.Build.0 = Release|Any CPU
		{2E8EEE6B-11C5-490C-816B-B59814DD2EC4}.AppStore|iPhone.Deploy.0 = Release|Any CPU
		{2E8EEE6B-11C5-490C-816B-B59814DD2EC4}.AppStore|iPhoneSimulator.ActiveCfg = Release|Any CPU
		{2E8EEE6B-11C5-490C-816B-B59814DD2EC4}.AppStore|iPhoneSimulator.Build.0 = Release|Any CPU
		{2E8EEE6B-11C5-490C-816B-B59814DD2EC4}.AppStore|iPhoneSimulator.Deploy.0 = Release|Any CPU
		{2E8EEE6B-11C5-490C-816B-B59814DD2EC4}.Debug|Any CPU.ActiveCfg = Debug|Any CPU
		{2E8EEE6B-11C5-490C-816B-B59814DD2EC4}.Debug|Any CPU.Build.0 = Debug|Any CPU
		{2E8EEE6B-11C5-490C-816B-B59814DD2EC4}.Debug|Any CPU.Deploy.0 = Debug|Any CPU
		{2E8EEE6B-11C5-490C-816B-B59814DD2EC4}.Debug|iPhone.ActiveCfg = Debug|Any CPU
		{2E8EEE6B-11C5-490C-816B-B59814DD2EC4}.Debug|iPhone.Build.0 = Debug|Any CPU
		{2E8EEE6B-11C5-490C-816B-B59814DD2EC4}.Debug|iPhone.Deploy.0 = Debug|Any CPU
		{2E8EEE6B-11C5-490C-816B-B59814DD2EC4}.Debug|iPhoneSimulator.ActiveCfg = Debug|Any CPU
		{2E8EEE6B-11C5-490C-816B-B59814DD2EC4}.Debug|iPhoneSimulator.Build.0 = Debug|Any CPU
		{2E8EEE6B-11C5-490C-816B-B59814DD2EC4}.Debug|iPhoneSimulator.Deploy.0 = Debug|Any CPU
		{2E8EEE6B-11C5-490C-816B-B59814DD2EC4}.Release|Any CPU.ActiveCfg = Release|Any CPU
		{2E8EEE6B-11C5-490C-816B-B59814DD2EC4}.Release|Any CPU.Build.0 = Release|Any CPU
		{2E8EEE6B-11C5-490C-816B-B59814DD2EC4}.Release|Any CPU.Deploy.0 = Release|Any CPU
		{2E8EEE6B-11C5-490C-816B-B59814DD2EC4}.Release|iPhone.ActiveCfg = Release|Any CPU
		{2E8EEE6B-11C5-490C-816B-B59814DD2EC4}.Release|iPhone.Build.0 = Release|Any CPU
		{2E8EEE6B-11C5-490C-816B-B59814DD2EC4}.Release|iPhone.Deploy.0 = Release|Any CPU
		{2E8EEE6B-11C5-490C-816B-B59814DD2EC4}.Release|iPhoneSimulator.ActiveCfg = Release|Any CPU
		{2E8EEE6B-11C5-490C-816B-B59814DD2EC4}.Release|iPhoneSimulator.Build.0 = Release|Any CPU
		{2E8EEE6B-11C5-490C-816B-B59814DD2EC4}.Release|iPhoneSimulator.Deploy.0 = Release|Any CPU
		{3F5C3895-C984-4E52-90C7-27889A4375DC}.Ad-Hoc|Any CPU.ActiveCfg = Ad-Hoc|iPhone
		{3F5C3895-C984-4E52-90C7-27889A4375DC}.Ad-Hoc|Any CPU.Build.0 = Ad-Hoc|iPhone
		{3F5C3895-C984-4E52-90C7-27889A4375DC}.Ad-Hoc|Any CPU.Deploy.0 = Ad-Hoc|iPhone
		{3F5C3895-C984-4E52-90C7-27889A4375DC}.Ad-Hoc|iPhone.ActiveCfg = Ad-Hoc|iPhone
		{3F5C3895-C984-4E52-90C7-27889A4375DC}.Ad-Hoc|iPhone.Build.0 = Ad-Hoc|iPhone
		{3F5C3895-C984-4E52-90C7-27889A4375DC}.Ad-Hoc|iPhone.Deploy.0 = Ad-Hoc|iPhone
		{3F5C3895-C984-4E52-90C7-27889A4375DC}.Ad-Hoc|iPhoneSimulator.ActiveCfg = Ad-Hoc|iPhoneSimulator
		{3F5C3895-C984-4E52-90C7-27889A4375DC}.Ad-Hoc|iPhoneSimulator.Build.0 = Ad-Hoc|iPhoneSimulator
		{3F5C3895-C984-4E52-90C7-27889A4375DC}.Ad-Hoc|iPhoneSimulator.Deploy.0 = Ad-Hoc|iPhoneSimulator
		{3F5C3895-C984-4E52-90C7-27889A4375DC}.AppStore|Any CPU.ActiveCfg = AppStore|iPhone
		{3F5C3895-C984-4E52-90C7-27889A4375DC}.AppStore|Any CPU.Build.0 = AppStore|iPhone
		{3F5C3895-C984-4E52-90C7-27889A4375DC}.AppStore|Any CPU.Deploy.0 = AppStore|iPhone
		{3F5C3895-C984-4E52-90C7-27889A4375DC}.AppStore|iPhone.ActiveCfg = AppStore|iPhone
		{3F5C3895-C984-4E52-90C7-27889A4375DC}.AppStore|iPhone.Build.0 = AppStore|iPhone
		{3F5C3895-C984-4E52-90C7-27889A4375DC}.AppStore|iPhone.Deploy.0 = AppStore|iPhone
		{3F5C3895-C984-4E52-90C7-27889A4375DC}.AppStore|iPhoneSimulator.ActiveCfg = AppStore|iPhoneSimulator
		{3F5C3895-C984-4E52-90C7-27889A4375DC}.AppStore|iPhoneSimulator.Build.0 = AppStore|iPhoneSimulator
		{3F5C3895-C984-4E52-90C7-27889A4375DC}.AppStore|iPhoneSimulator.Deploy.0 = AppStore|iPhoneSimulator
		{3F5C3895-C984-4E52-90C7-27889A4375DC}.Debug|Any CPU.ActiveCfg = Debug|iPhoneSimulator
		{3F5C3895-C984-4E52-90C7-27889A4375DC}.Debug|Any CPU.Build.0 = Debug|iPhoneSimulator
		{3F5C3895-C984-4E52-90C7-27889A4375DC}.Debug|Any CPU.Deploy.0 = Debug|iPhoneSimulator
		{3F5C3895-C984-4E52-90C7-27889A4375DC}.Debug|iPhone.ActiveCfg = Debug|iPhone
		{3F5C3895-C984-4E52-90C7-27889A4375DC}.Debug|iPhone.Build.0 = Debug|iPhone
		{3F5C3895-C984-4E52-90C7-27889A4375DC}.Debug|iPhone.Deploy.0 = Debug|iPhone
		{3F5C3895-C984-4E52-90C7-27889A4375DC}.Debug|iPhoneSimulator.ActiveCfg = Debug|iPhoneSimulator
		{3F5C3895-C984-4E52-90C7-27889A4375DC}.Debug|iPhoneSimulator.Build.0 = Debug|iPhoneSimulator
		{3F5C3895-C984-4E52-90C7-27889A4375DC}.Debug|iPhoneSimulator.Deploy.0 = Debug|iPhoneSimulator
		{3F5C3895-C984-4E52-90C7-27889A4375DC}.Release|Any CPU.ActiveCfg = Release|iPhone
		{3F5C3895-C984-4E52-90C7-27889A4375DC}.Release|Any CPU.Build.0 = Release|iPhone
		{3F5C3895-C984-4E52-90C7-27889A4375DC}.Release|Any CPU.Deploy.0 = Release|iPhone
		{3F5C3895-C984-4E52-90C7-27889A4375DC}.Release|iPhone.ActiveCfg = Release|iPhone
		{3F5C3895-C984-4E52-90C7-27889A4375DC}.Release|iPhone.Build.0 = Release|iPhone
		{3F5C3895-C984-4E52-90C7-27889A4375DC}.Release|iPhone.Deploy.0 = Release|iPhone
		{3F5C3895-C984-4E52-90C7-27889A4375DC}.Release|iPhoneSimulator.ActiveCfg = Release|iPhoneSimulator
		{3F5C3895-C984-4E52-90C7-27889A4375DC}.Release|iPhoneSimulator.Build.0 = Release|iPhoneSimulator
		{3F5C3895-C984-4E52-90C7-27889A4375DC}.Release|iPhoneSimulator.Deploy.0 = Release|iPhoneSimulator
		{3017618A-AF68-4899-A3E7-C596B4BAC760}.Ad-Hoc|Any CPU.ActiveCfg = Debug|Any CPU
		{3017618A-AF68-4899-A3E7-C596B4BAC760}.Ad-Hoc|Any CPU.Build.0 = Debug|Any CPU
		{3017618A-AF68-4899-A3E7-C596B4BAC760}.Ad-Hoc|Any CPU.Deploy.0 = Debug|Any CPU
		{3017618A-AF68-4899-A3E7-C596B4BAC760}.Ad-Hoc|iPhone.ActiveCfg = Debug|Any CPU
		{3017618A-AF68-4899-A3E7-C596B4BAC760}.Ad-Hoc|iPhone.Build.0 = Debug|Any CPU
		{3017618A-AF68-4899-A3E7-C596B4BAC760}.Ad-Hoc|iPhone.Deploy.0 = Debug|Any CPU
		{3017618A-AF68-4899-A3E7-C596B4BAC760}.Ad-Hoc|iPhoneSimulator.ActiveCfg = Debug|Any CPU
		{3017618A-AF68-4899-A3E7-C596B4BAC760}.Ad-Hoc|iPhoneSimulator.Build.0 = Debug|Any CPU
		{3017618A-AF68-4899-A3E7-C596B4BAC760}.Ad-Hoc|iPhoneSimulator.Deploy.0 = Debug|Any CPU
		{3017618A-AF68-4899-A3E7-C596B4BAC760}.AppStore|Any CPU.ActiveCfg = Debug|Any CPU
		{3017618A-AF68-4899-A3E7-C596B4BAC760}.AppStore|Any CPU.Build.0 = Debug|Any CPU
		{3017618A-AF68-4899-A3E7-C596B4BAC760}.AppStore|Any CPU.Deploy.0 = Debug|Any CPU
		{3017618A-AF68-4899-A3E7-C596B4BAC760}.AppStore|iPhone.ActiveCfg = Debug|Any CPU
		{3017618A-AF68-4899-A3E7-C596B4BAC760}.AppStore|iPhone.Build.0 = Debug|Any CPU
		{3017618A-AF68-4899-A3E7-C596B4BAC760}.AppStore|iPhone.Deploy.0 = Debug|Any CPU
		{3017618A-AF68-4899-A3E7-C596B4BAC760}.AppStore|iPhoneSimulator.ActiveCfg = Debug|Any CPU
		{3017618A-AF68-4899-A3E7-C596B4BAC760}.AppStore|iPhoneSimulator.Build.0 = Debug|Any CPU
		{3017618A-AF68-4899-A3E7-C596B4BAC760}.AppStore|iPhoneSimulator.Deploy.0 = Debug|Any CPU
		{3017618A-AF68-4899-A3E7-C596B4BAC760}.Debug|Any CPU.ActiveCfg = Debug|Any CPU
		{3017618A-AF68-4899-A3E7-C596B4BAC760}.Debug|Any CPU.Build.0 = Debug|Any CPU
		{3017618A-AF68-4899-A3E7-C596B4BAC760}.Debug|Any CPU.Deploy.0 = Debug|Any CPU
		{3017618A-AF68-4899-A3E7-C596B4BAC760}.Debug|iPhone.ActiveCfg = Debug|Any CPU
		{3017618A-AF68-4899-A3E7-C596B4BAC760}.Debug|iPhone.Build.0 = Debug|Any CPU
		{3017618A-AF68-4899-A3E7-C596B4BAC760}.Debug|iPhone.Deploy.0 = Debug|Any CPU
		{3017618A-AF68-4899-A3E7-C596B4BAC760}.Debug|iPhoneSimulator.ActiveCfg = Debug|Any CPU
		{3017618A-AF68-4899-A3E7-C596B4BAC760}.Debug|iPhoneSimulator.Build.0 = Debug|Any CPU
		{3017618A-AF68-4899-A3E7-C596B4BAC760}.Debug|iPhoneSimulator.Deploy.0 = Debug|Any CPU
		{3017618A-AF68-4899-A3E7-C596B4BAC760}.Release|Any CPU.ActiveCfg = Release|Any CPU
		{3017618A-AF68-4899-A3E7-C596B4BAC760}.Release|Any CPU.Build.0 = Release|Any CPU
		{3017618A-AF68-4899-A3E7-C596B4BAC760}.Release|Any CPU.Deploy.0 = Release|Any CPU
		{3017618A-AF68-4899-A3E7-C596B4BAC760}.Release|iPhone.ActiveCfg = Release|Any CPU
		{3017618A-AF68-4899-A3E7-C596B4BAC760}.Release|iPhone.Build.0 = Release|Any CPU
		{3017618A-AF68-4899-A3E7-C596B4BAC760}.Release|iPhone.Deploy.0 = Release|Any CPU
		{3017618A-AF68-4899-A3E7-C596B4BAC760}.Release|iPhoneSimulator.ActiveCfg = Release|Any CPU
		{3017618A-AF68-4899-A3E7-C596B4BAC760}.Release|iPhoneSimulator.Build.0 = Release|Any CPU
		{3017618A-AF68-4899-A3E7-C596B4BAC760}.Release|iPhoneSimulator.Deploy.0 = Release|Any CPU
	EndGlobalSection
	GlobalSection(SolutionProperties) = preSolution
		HideSolutionNode = FALSE
	EndGlobalSection
	GlobalSection(ExtensibilityGlobals) = postSolution
		SolutionGuid = {9484E881-2AF5-4A4C-A61B-4B1621E7BA1E}
	EndGlobalSection
EndGlobal
